
Microsoft Visual Studio Solution File, Format Version 12.00
# Visual Studio Version 17
VisualStudioVersion = 17.11.35219.272
MinimumVisualStudioVersion = 10.0.40219.1
Project("{FAE04EC0-301F-11D3-BF4B-00C04F79EFBC}") = "SentenciasdeControl", "SentenciasdeControl\SentenciasdeControl.csproj", "{73322CD2-4C98-46F9-B937-6914A34F9E3C}"
EndProject
Global
	GlobalSection(SolutionConfigurationPlatforms) = preSolution
		Debug|Any CPU = Debug|Any CPU
		Release|Any CPU = Release|Any CPU
	EndGlobalSection
	GlobalSection(ProjectConfigurationPlatforms) = postSolution
		{73322CD2-4C98-46F9-B937-6914A34F9E3C}.Debug|Any CPU.ActiveCfg = Debug|Any CPU
		{73322CD2-4C98-46F9-B937-6914A34F9E3C}.Debug|Any CPU.Build.0 = Debug|Any CPU
		{73322CD2-4C98-46F9-B937-6914A34F9E3C}.Release|Any CPU.ActiveCfg = Release|Any CPU
		{73322CD2-4C98-46F9-B937-6914A34F9E3C}.Release|Any CPU.Build.0 = Release|Any CPU
	EndGlobalSection
	GlobalSection(SolutionProperties) = preSolution
		HideSolutionNode = FALSE
	EndGlobalSection
	GlobalSection(ExtensibilityGlobals) = postSolution
		SolutionGuid = {300FA744-3594-40D5-BA6B-C5EED5E5FC21}
	EndGlobalSection
EndGlobal
